
Microsoft Visual Studio Solution File, Format Version 12.00
Project("{FAE04EC0-301F-11D3-BF4B-00C04F79EFBC}") = "SG.VehicleGuard", "SG.VehicleGuard.csproj", "{9F4FC12F-4B04-4A91-BE20-975D2CC48E8E}"
EndProject
Global
	GlobalSection(SolutionConfigurationPlatforms) = preSolution
		Debug|Any CPU = Debug|Any CPU
		Release|Any CPU = Release|Any CPU
	EndGlobalSection
	GlobalSection(ProjectConfigurationPlatforms) = postSolution
		{9F4FC12F-4B04-4A91-BE20-975D2CC48E8E}.Debug|Any CPU.ActiveCfg = Debug|Any CPU
		{9F4FC12F-4B04-4A91-BE20-975D2CC48E8E}.Debug|Any CPU.Build.0 = Debug|Any CPU
		{9F4FC12F-4B04-4A91-BE20-975D2CC48E8E}.Release|Any CPU.ActiveCfg = Release|Any CPU
		{9F4FC12F-4B04-4A91-BE20-975D2CC48E8E}.Release|Any CPU.Build.0 = Release|Any CPU
	EndGlobalSection
EndGlobal
